
Microsoft Visual Studio Solution File, Format Version 12.00
# Visual Studio 15
VisualStudioVersion = 15.0.28307.421
MinimumVisualStudioVersion = 10.0.40219.1
Project("{FAE04EC0-301F-11D3-BF4B-00C04F79EFBC}") = "OrderCalculatorTest", "OrderCalculatorTest\OrderCalculatorTest.csproj", "{FE798ADE-D593-4124-8BAC-BB464810013F}"
EndProject
Project("{FAE04EC0-301F-11D3-BF4B-00C04F79EFBC}") = "SolidOrderCalculator", "SolidOrderCalculator\SolidOrderCalculator.csproj", "{B5CC8170-D6B1-4A8E-A0A1-57CE3819122B}"
EndProject
Global
	GlobalSection(SolutionConfigurationPlatforms) = preSolution
		Debug|Any CPU = Debug|Any CPU
		Release|Any CPU = Release|Any CPU
	EndGlobalSection
	GlobalSection(ProjectConfigurationPlatforms) = postSolution
		{FE798ADE-D593-4124-8BAC-BB464810013F}.Debug|Any CPU.ActiveCfg = Debug|Any CPU
		{FE798ADE-D593-4124-8BAC-BB464810013F}.Debug|Any CPU.Build.0 = Debug|Any CPU
		{FE798ADE-D593-4124-8BAC-BB464810013F}.Release|Any CPU.ActiveCfg = Release|Any CPU
		{FE798ADE-D593-4124-8BAC-BB464810013F}.Release|Any CPU.Build.0 = Release|Any CPU
		{B5CC8170-D6B1-4A8E-A0A1-57CE3819122B}.Debug|Any CPU.ActiveCfg = Debug|Any CPU
		{B5CC8170-D6B1-4A8E-A0A1-57CE3819122B}.Debug|Any CPU.Build.0 = Debug|Any CPU
		{B5CC8170-D6B1-4A8E-A0A1-57CE3819122B}.Release|Any CPU.ActiveCfg = Release|Any CPU
		{B5CC8170-D6B1-4A8E-A0A1-57CE3819122B}.Release|Any CPU.Build.0 = Release|Any CPU
	EndGlobalSection
	GlobalSection(SolutionProperties) = preSolution
		HideSolutionNode = FALSE
	EndGlobalSection
	GlobalSection(ExtensibilityGlobals) = postSolution
		SolutionGuid = {526D3ED8-3A55-4030-90E6-285ABC2D1584}
	EndGlobalSection
EndGlobal
